
Microsoft Visual Studio Solution File, Format Version 12.00
# Visual Studio Version 17
VisualStudioVersion = 17.8.34511.84
MinimumVisualStudioVersion = 10.0.40219.1
Project("{FAE04EC0-301F-11D3-BF4B-00C04F79EFBC}") = "Ejercicio-2", "Ejercicio-2\Ejercicio-2.csproj", "{AAE5DE16-4AD7-4719-83A8-87686CA626A6}"
EndProject
Global
	GlobalSection(SolutionConfigurationPlatforms) = preSolution
		Debug|Any CPU = Debug|Any CPU
		Release|Any CPU = Release|Any CPU
	EndGlobalSection
	GlobalSection(ProjectConfigurationPlatforms) = postSolution
		{AAE5DE16-4AD7-4719-83A8-87686CA626A6}.Debug|Any CPU.ActiveCfg = Debug|Any CPU
		{AAE5DE16-4AD7-4719-83A8-87686CA626A6}.Debug|Any CPU.Build.0 = Debug|Any CPU
		{AAE5DE16-4AD7-4719-83A8-87686CA626A6}.Release|Any CPU.ActiveCfg = Release|Any CPU
		{AAE5DE16-4AD7-4719-83A8-87686CA626A6}.Release|Any CPU.Build.0 = Release|Any CPU
	EndGlobalSection
	GlobalSection(SolutionProperties) = preSolution
		HideSolutionNode = FALSE
	EndGlobalSection
	GlobalSection(ExtensibilityGlobals) = postSolution
		SolutionGuid = {4D072AA9-1D04-4B92-AFEA-5A04115BCAAB}
	EndGlobalSection
EndGlobal
